PODS:
  - OHMKit (0.1.0)
  - ReactiveCocoa (2.3):
    - ReactiveCocoa/UI
  - ReactiveCocoa/Core (2.3):
    - ReactiveCocoa/no-arc
  - ReactiveCocoa/no-arc (2.3)
  - ReactiveCocoa/UI (2.3):
    - ReactiveCocoa/Core

DEPENDENCIES:
  - OHMKit
  - ReactiveCocoa

SPEC CHECKSUMS:
  OHMKit: a4f796da5fcbbad308a41afee3f195df5d226467
  ReactiveCocoa: dde7b11a14954edf789e7343b2c32e595caabd01

COCOAPODS: 0.32.1
