// !$*UTF8*$!
{
	archiveVersion = 1;
	classes = {
	};
	objectVersion = 46;
	objects = {

/* Begin PBXBuildFile section */
		1B12F0CFD2CA4D80B24B3F4E /* libPods.a in Frameworks */ = {isa = PBXBuildFile; fileRef = 499DE8B4DDBB488D84F4627D /* libPods.a */; };
		940A692318AC21B600472B65 /* Foundation.framework in Frameworks */ = {isa = PBXBuildFile; fileRef = 940A692218AC21B600472B65 /* Foundation.framework */; };
		940A692518AC21B600472B65 /* CoreGraphics.framework in Frameworks */ = {isa = PBXBuildFile; fileRef = 940A692418AC21B600472B65 /* CoreGraphics.framework */; };
		940A692718AC21B600472B65 /* UIKit.framework in Frameworks */ = {isa = PBXBuildFile; fileRef = 940A692618AC21B600472B65 /* UIKit.framework */; };
		940A692D18AC21B600472B65 /* InfoPlist.strings in Resources */ = {isa = PBXBuildFile; fileRef = 940A692B18AC21B600472B65 /* InfoPlist.strings */; };
		940A692F18AC21B600472B65 /* main.m in Sources */ = {isa = PBXBuildFile; fileRef = 940A692E18AC21B600472B65 /* main.m */; };
		940A693318AC21B600472B65 /* AppDelegate.m in Sources */ = {isa = PBXBuildFile; fileRef = 940A693218AC21B600472B65 /* AppDelegate.m */; };
		940A693518AC21B600472B65 /* Images.xcassets in Resources */ = {isa = PBXBuildFile; fileRef = 940A693418AC21B600472B65 /* Images.xcassets */; };
		940A693C18AC21B600472B65 /* XCTest.framework in Frameworks */ = {isa = PBXBuildFile; fileRef = 940A693B18AC21B600472B65 /* XCTest.framework */; };
		940A693D18AC21B600472B65 /* Foundation.framework in Frameworks */ = {isa = PBXBuildFile; fileRef = 940A692218AC21B600472B65 /* Foundation.framework */; };
		940A693E18AC21B600472B65 /* UIKit.framework in Frameworks */ = {isa = PBXBuildFile; fileRef = 940A692618AC21B600472B65 /* UIKit.framework */; };
		940A694618AC21B600472B65 /* InfoPlist.strings in Resources */ = {isa = PBXBuildFile; fileRef = 940A694418AC21B600472B65 /* InfoPlist.strings */; };
		940A694818AC21B600472B65 /* BusBusTests.m in Sources */ = {isa = PBXBuildFile; fileRef = 940A694718AC21B600472B65 /* BusBusTests.m */; };
		940A695218AC21F900472B65 /* MainStoryboard.storyboard in Resources */ = {isa = PBXBuildFile; fileRef = 940A695118AC21F900472B65 /* MainStoryboard.storyboard */; };
		940A695518AC222800472B65 /* BusBusViewController.m in Sources */ = {isa = PBXBuildFile; fileRef = 940A695418AC222800472B65 /* BusBusViewController.m */; };
		940A695818AC22CD00472B65 /* BSBBus.m in Sources */ = {isa = PBXBuildFile; fileRef = 940A695718AC22CD00472B65 /* BSBBus.m */; };
		940A695B18AC24C000472B65 /* MapKit.framework in Frameworks */ = {isa = PBXBuildFile; fileRef = 940A695A18AC24C000472B65 /* MapKit.framework */; };
		9449A36918ECAC7E004E0A4E /* BSBBusService.m in Sources */ = {isa = PBXBuildFile; fileRef = 9449A36818ECAC7E004E0A4E /* BSBBusService.m */; };
		9476177918E9A8C3000FEA58 /* BOClient.m in Sources */ = {isa = PBXBuildFile; fileRef = 9476177818E9A8C3000FEA58 /* BOClient.m */; };
		948B142718C4F51D00ADA61A /* QuartzCore.framework in Frameworks */ = {isa = PBXBuildFile; fileRef = 948B142618C4F51D00ADA61A /* QuartzCore.framework */; };
		9499D24C18AC349C000C1374 /* CoreLocation.framework in Frameworks */ = {isa = PBXBuildFile; fileRef = 9499D24A18AC2E66000C1374 /* CoreLocation.framework */; };
		94D8A8E418BBC212007DFA6F /* PageContentViewController.m in Sources */ = {isa = PBXBuildFile; fileRef = 94D8A8E318BBC212007DFA6F /* PageContentViewController.m */; };
		94F606F018ECB0A800782D1B /* Boston.gpx in Resources */ = {isa = PBXBuildFile; fileRef = 94F606EF18ECB0A800782D1B /* Boston.gpx */; };
		E7A839A81926C5BB00EE7048 /* BSBBusDetailCell.m in Sources */ = {isa = PBXBuildFile; fileRef = E7A839A71926C5BB00EE7048 /* BSBBusDetailCell.m */; };
		E7A839AB1926E68900EE7048 /* BSBVehicle.m in Sources */ = {isa = PBXBuildFile; fileRef = E7A839AA1926E68900EE7048 /* BSBVehicle.m */; };
		E7C3E7A8192712F90019CC20 /* BSBBusPin.m in Sources */ = {isa = PBXBuildFile; fileRef = E7C3E7A7192712F90019CC20 /* BSBBusPin.m */; };
		E7C3E7AB192716C30019CC20 /* BSBAppearance.m in Sources */ = {isa = PBXBuildFile; fileRef = E7C3E7AA192716C30019CC20 /* BSBAppearance.m */; };
		E7C3E7AF1927237E0019CC20 /* BSBBusCollectionViewController.m in Sources */ = {isa = PBXBuildFile; fileRef = E7C3E7AE1927237E0019CC20 /* BSBBusCollectionViewController.m */; };
		E7C3E7B1192725260019CC20 /* BSBBusDetailCell.xib in Resources */ = {isa = PBXBuildFile; fileRef = E7C3E7B0192725260019CC20 /* BSBBusDetailCell.xib */; };
		E7E2CD4B1929A23900020920 /* BSBPassage.m in Sources */ = {isa = PBXBuildFile; fileRef = E7E2CD4A1929A23900020920 /* BSBPassage.m */; };
		E7E2CD4E1929A79200020920 /* BSBBusStop.m in Sources */ = {isa = PBXBuildFile; fileRef = E7E2CD4D1929A79200020920 /* BSBBusStop.m */; };
		E7E2CD511929AC3400020920 /* BSBRoute.m in Sources */ = {isa = PBXBuildFile; fileRef = E7E2CD501929AC3400020920 /* BSBRoute.m */; };
/* End PBXBuildFile section */

/* Begin PBXContainerItemProxy section */
		940A693F18AC21B600472B65 /* PBXContainerItemProxy */ = {
			isa = PBXContainerItemProxy;
			containerPortal = 940A691718AC21B600472B65 /* Project object */;
			proxyType = 1;
			remoteGlobalIDString = 940A691E18AC21B600472B65;
			remoteInfo = BusBus;
		};
/* End PBXContainerItemProxy section */

/* Begin PBXFileReference section */
		499DE8B4DDBB488D84F4627D /* libPods.a */ = {isa = PBXFileReference; explicitFileType = archive.ar; includeInIndex = 0; path = libPods.a; sourceTree = BUILT_PRODUCTS_DIR; };
		4F8CCA67F5784397A7A145AD /* Pods.xcconfig */ = {isa = PBXFileReference; includeInIndex = 1; lastKnownFileType = text.xcconfig; name = Pods.xcconfig; path = Pods/Pods.xcconfig; sourceTree = "<group>"; };
		940A691F18AC21B600472B65 /* BusBus.app */ = {isa = PBXFileReference; explicitFileType = wrapper.application; includeInIndex = 0; path = BusBus.app; sourceTree = BUILT_PRODUCTS_DIR; };
		940A692218AC21B600472B65 /* Foundation.framework */ = {isa = PBXFileReference; lastKnownFileType = wrapper.framework; name = Foundation.framework; path = System/Library/Frameworks/Foundation.framework; sourceTree = SDKROOT; };
		940A692418AC21B600472B65 /* CoreGraphics.framework */ = {isa = PBXFileReference; lastKnownFileType = wrapper.framework; name = CoreGraphics.framework; path = System/Library/Frameworks/CoreGraphics.framework; sourceTree = SDKROOT; };
		940A692618AC21B600472B65 /* UIKit.framework */ = {isa = PBXFileReference; lastKnownFileType = wrapper.framework; name = UIKit.framework; path = System/Library/Frameworks/UIKit.framework; sourceTree = SDKROOT; };
		940A692A18AC21B600472B65 /* BusBus-Info.plist */ = {isa = PBXFileReference; lastKnownFileType = text.plist.xml; path = "BusBus-Info.plist"; sourceTree = "<group>"; };
		940A692C18AC21B600472B65 /* en */ = {isa = PBXFileReference; lastKnownFileType = text.plist.strings; name = en; path = en.lproj/InfoPlist.strings; sourceTree = "<group>"; };
		940A692E18AC21B600472B65 /* main.m */ = {isa = PBXFileReference; lastKnownFileType = sourcecode.c.objc; path = main.m; sourceTree = "<group>"; };
		940A693018AC21B600472B65 /* BusBus-Prefix.pch */ = {isa = PBXFileReference; lastKnownFileType = sourcecode.c.h; path = "BusBus-Prefix.pch"; sourceTree = "<group>"; };
		940A693118AC21B600472B65 /* AppDelegate.h */ = {isa = PBXFileReference; lastKnownFileType = sourcecode.c.h; path = AppDelegate.h; sourceTree = "<group>"; };
		940A693218AC21B600472B65 /* AppDelegate.m */ = {isa = PBXFileReference; lastKnownFileType = sourcecode.c.objc; path = AppDelegate.m; sourceTree = "<group>"; };
		940A693418AC21B600472B65 /* Images.xcassets */ = {isa = PBXFileReference; lastKnownFileType = folder.assetcatalog; path = Images.xcassets; sourceTree = "<group>"; };
		940A693A18AC21B600472B65 /* BusBusTests.xctest */ = {isa = PBXFileReference; explicitFileType = wrapper.cfbundle; includeInIndex = 0; path = BusBusTests.xctest; sourceTree = BUILT_PRODUCTS_DIR; };
		940A693B18AC21B600472B65 /* XCTest.framework */ = {isa = PBXFileReference; lastKnownFileType = wrapper.framework; name = XCTest.framework; path = Library/Frameworks/XCTest.framework; sourceTree = DEVELOPER_DIR; };
		940A694318AC21B600472B65 /* BusBusTests-Info.plist */ = {isa = PBXFileReference; lastKnownFileType = text.plist.xml; path = "BusBusTests-Info.plist"; sourceTree = "<group>"; };
		940A694518AC21B600472B65 /* en */ = {isa = PBXFileReference; lastKnownFileType = text.plist.strings; name = en; path = en.lproj/InfoPlist.strings; sourceTree = "<group>"; };
		940A694718AC21B600472B65 /* BusBusTests.m */ = {isa = PBXFileReference; lastKnownFileType = sourcecode.c.objc; path = BusBusTests.m; sourceTree = "<group>"; };
		940A695118AC21F900472B65 /* MainStoryboard.storyboard */ = {isa = PBXFileReference; fileEncoding = 4; lastKnownFileType = file.storyboard; name = MainStoryboard.storyboard; path = ../MainStoryboard.storyboard; sourceTree = "<group>"; };
		940A695318AC222800472B65 /* BusBusViewController.h */ = {isa = PBXFileReference; fileEncoding = 4; lastKnownFileType = sourcecode.c.h; path = BusBusViewController.h; sourceTree = SOURCE_ROOT; };
		940A695418AC222800472B65 /* BusBusViewController.m */ = {isa = PBXFileReference; fileEncoding = 4; lastKnownFileType = sourcecode.c.objc; path = BusBusViewController.m; sourceTree = SOURCE_ROOT; };
		940A695618AC22CD00472B65 /* BSBBus.h */ = {isa = PBXFileReference; fileEncoding = 4; lastKnownFileType = sourcecode.c.h; path = BSBBus.h; sourceTree = "<group>"; };
		940A695718AC22CD00472B65 /* BSBBus.m */ = {isa = PBXFileReference; fileEncoding = 4; lastKnownFileType = sourcecode.c.objc; path = BSBBus.m; sourceTree = "<group>"; };
		940A695A18AC24C000472B65 /* MapKit.framework */ = {isa = PBXFileReference; lastKnownFileType = wrapper.framework; name = MapKit.framework; path = System/Library/Frameworks/MapKit.framework; sourceTree = SDKROOT; };
		9449A36718ECAC7E004E0A4E /* BSBBusService.h */ = {isa = PBXFileReference; fileEncoding = 4; lastKnownFileType = sourcecode.c.h; path = BSBBusService.h; sourceTree = "<group>"; };
		9449A36818ECAC7E004E0A4E /* BSBBusService.m */ = {isa = PBXFileReference; fileEncoding = 4; lastKnownFileType = sourcecode.c.objc; path = BSBBusService.m; sourceTree = "<group>"; };
		9476177718E9A8C3000FEA58 /* BOClient.h */ = {isa = PBXFileReference; fileEncoding = 4; lastKnownFileType = sourcecode.c.h; path = BOClient.h; sourceTree = "<group>"; };
		9476177818E9A8C3000FEA58 /* BOClient.m */ = {isa = PBXFileReference; fileEncoding = 4; lastKnownFileType = sourcecode.c.objc; path = BOClient.m; sourceTree = "<group>"; };
		948B142618C4F51D00ADA61A /* QuartzCore.framework */ = {isa = PBXFileReference; lastKnownFileType = wrapper.framework; name = QuartzCore.framework; path = System/Library/Frameworks/QuartzCore.framework; sourceTree = SDKROOT; };
		9499D24A18AC2E66000C1374 /* CoreLocation.framework */ = {isa = PBXFileReference; lastKnownFileType = wrapper.framework; name = CoreLocation.framework; path = System/Library/Frameworks/CoreLocation.framework; sourceTree = SDKROOT; };
		94D8A8E218BBC212007DFA6F /* PageContentViewController.h */ = {isa = PBXFileReference; fileEncoding = 4; lastKnownFileType = sourcecode.c.h; path = PageContentViewController.h; sourceTree = "<group>"; };
		94D8A8E318BBC212007DFA6F /* PageContentViewController.m */ = {isa = PBXFileReference; fileEncoding = 4; lastKnownFileType = sourcecode.c.objc; path = PageContentViewController.m; sourceTree = "<group>"; };
		94F606EF18ECB0A800782D1B /* Boston.gpx */ = {isa = PBXFileReference; fileEncoding = 4; lastKnownFileType = text.xml; path = Boston.gpx; sourceTree = "<group>"; };
		E7A839A61926C5BB00EE7048 /* BSBBusDetailCell.h */ = {isa = PBXFileReference; fileEncoding = 4; lastKnownFileType = sourcecode.c.h; path = BSBBusDetailCell.h; sourceTree = "<group>"; };
		E7A839A71926C5BB00EE7048 /* BSBBusDetailCell.m */ = {isa = PBXFileReference; fileEncoding = 4; lastKnownFileType = sourcecode.c.objc; path = BSBBusDetailCell.m; sourceTree = "<group>"; };
		E7A839A91926E68900EE7048 /* BSBVehicle.h */ = {isa = PBXFileReference; fileEncoding = 4; lastKnownFileType = sourcecode.c.h; path = BSBVehicle.h; sourceTree = "<group>"; };
		E7A839AA1926E68900EE7048 /* BSBVehicle.m */ = {isa = PBXFileReference; fileEncoding = 4; lastKnownFileType = sourcecode.c.objc; path = BSBVehicle.m; sourceTree = "<group>"; };
		E7C3E7A6192712F90019CC20 /* BSBBusPin.h */ = {isa = PBXFileReference; fileEncoding = 4; lastKnownFileType = sourcecode.c.h; path = BSBBusPin.h; sourceTree = "<group>"; };
		E7C3E7A7192712F90019CC20 /* BSBBusPin.m */ = {isa = PBXFileReference; fileEncoding = 4; lastKnownFileType = sourcecode.c.objc; path = BSBBusPin.m; sourceTree = "<group>"; };
		E7C3E7A9192716C30019CC20 /* BSBAppearance.h */ = {isa = PBXFileReference; fileEncoding = 4; lastKnownFileType = sourcecode.c.h; path = BSBAppearance.h; sourceTree = "<group>"; };
		E7C3E7AA192716C30019CC20 /* BSBAppearance.m */ = {isa = PBXFileReference; fileEncoding = 4; lastKnownFileType = sourcecode.c.objc; path = BSBAppearance.m; sourceTree = "<group>"; };
		E7C3E7AD1927237E0019CC20 /* BSBBusCollectionViewController.h */ = {isa = PBXFileReference; fileEncoding = 4; lastKnownFileType = sourcecode.c.h; path = BSBBusCollectionViewController.h; sourceTree = "<group>"; };
		E7C3E7AE1927237E0019CC20 /* BSBBusCollectionViewController.m */ = {isa = PBXFileReference; fileEncoding = 4; lastKnownFileType = sourcecode.c.objc; path = BSBBusCollectionViewController.m; sourceTree = "<group>"; };
		E7C3E7B0192725260019CC20 /* BSBBusDetailCell.xib */ = {isa = PBXFileReference; fileEncoding = 4; lastKnownFileType = file.xib; path = BSBBusDetailCell.xib; sourceTree = "<group>"; };
		E7E2CD491929A23900020920 /* BSBPassage.h */ = {isa = PBXFileReference; fileEncoding = 4; lastKnownFileType = sourcecode.c.h; path = BSBPassage.h; sourceTree = "<group>"; };
		E7E2CD4A1929A23900020920 /* BSBPassage.m */ = {isa = PBXFileReference; fileEncoding = 4; lastKnownFileType = sourcecode.c.objc; path = BSBPassage.m; sourceTree = "<group>"; };
		E7E2CD4C1929A79200020920 /* BSBBusStop.h */ = {isa = PBXFileReference; fileEncoding = 4; lastKnownFileType = sourcecode.c.h; path = BSBBusStop.h; sourceTree = "<group>"; };
		E7E2CD4D1929A79200020920 /* BSBBusStop.m */ = {isa = PBXFileReference; fileEncoding = 4; lastKnownFileType = sourcecode.c.objc; path = BSBBusStop.m; sourceTree = "<group>"; };
		E7E2CD4F1929AC3400020920 /* BSBRoute.h */ = {isa = PBXFileReference; fileEncoding = 4; lastKnownFileType = sourcecode.c.h; path = BSBRoute.h; sourceTree = "<group>"; };
		E7E2CD501929AC3400020920 /* BSBRoute.m */ = {isa = PBXFileReference; fileEncoding = 4; lastKnownFileType = sourcecode.c.objc; path = BSBRoute.m; sourceTree = "<group>"; };
/* End PBXFileReference section */

/* Begin PBXFrameworksBuildPhase section */
		940A691C18AC21B600472B65 /* Frameworks */ = {
			isa = PBXFrameworksBuildPhase;
			buildActionMask = 2147483647;
			files = (
				948B142718C4F51D00ADA61A /* QuartzCore.framework in Frameworks */,
				9499D24C18AC349C000C1374 /* CoreLocation.framework in Frameworks */,
				940A695B18AC24C000472B65 /* MapKit.framework in Frameworks */,
				940A692518AC21B600472B65 /* CoreGraphics.framework in Frameworks */,
				940A692718AC21B600472B65 /* UIKit.framework in Frameworks */,
				940A692318AC21B600472B65 /* Foundation.framework in Frameworks */,
				1B12F0CFD2CA4D80B24B3F4E /* libPods.a in Frameworks */,
			);
			runOnlyForDeploymentPostprocessing = 0;
		};
		940A693718AC21B600472B65 /* Frameworks */ = {
			isa = PBXFrameworksBuildPhase;
			buildActionMask = 2147483647;
			files = (
				940A693C18AC21B600472B65 /* XCTest.framework in Frameworks */,
				940A693E18AC21B600472B65 /* UIKit.framework in Frameworks */,
				940A693D18AC21B600472B65 /* Foundation.framework in Frameworks */,
			);
			runOnlyForDeploymentPostprocessing = 0;
		};
/* End PBXFrameworksBuildPhase section */

/* Begin PBXGroup section */
		940A691618AC21B600472B65 = {
			isa = PBXGroup;
			children = (
				940A692818AC21B600472B65 /* BusBus */,
				940A694118AC21B600472B65 /* BusBusTests */,
				940A692118AC21B600472B65 /* Frameworks */,
				940A692018AC21B600472B65 /* Products */,
				4F8CCA67F5784397A7A145AD /* Pods.xcconfig */,
			);
			sourceTree = "<group>";
		};
		940A692018AC21B600472B65 /* Products */ = {
			isa = PBXGroup;
			children = (
				940A691F18AC21B600472B65 /* BusBus.app */,
				940A693A18AC21B600472B65 /* BusBusTests.xctest */,
			);
			name = Products;
			sourceTree = "<group>";
		};
		940A692118AC21B600472B65 /* Frameworks */ = {
			isa = PBXGroup;
			children = (
				948B142618C4F51D00ADA61A /* QuartzCore.framework */,
				9499D24A18AC2E66000C1374 /* CoreLocation.framework */,
				940A695A18AC24C000472B65 /* MapKit.framework */,
				940A692218AC21B600472B65 /* Foundation.framework */,
				940A692418AC21B600472B65 /* CoreGraphics.framework */,
				940A692618AC21B600472B65 /* UIKit.framework */,
				940A693B18AC21B600472B65 /* XCTest.framework */,
				499DE8B4DDBB488D84F4627D /* libPods.a */,
			);
			name = Frameworks;
			sourceTree = "<group>";
		};
		940A692818AC21B600472B65 /* BusBus */ = {
			isa = PBXGroup;
			children = (
				E7C3E7AC1927236D0019CC20 /* ViewControllers */,
				E7A839A31926C56000EE7048 /* Views */,
				940A695318AC222800472B65 /* BusBusViewController.h */,
				940A695418AC222800472B65 /* BusBusViewController.m */,
				94F606EF18ECB0A800782D1B /* Boston.gpx */,
				9449A36718ECAC7E004E0A4E /* BSBBusService.h */,
				9449A36818ECAC7E004E0A4E /* BSBBusService.m */,
				940A695118AC21F900472B65 /* MainStoryboard.storyboard */,
				94D8A8E218BBC212007DFA6F /* PageContentViewController.h */,
				94D8A8E318BBC212007DFA6F /* PageContentViewController.m */,
				940A695918AC22D000472B65 /* Models */,
				940A693118AC21B600472B65 /* AppDelegate.h */,
				940A693218AC21B600472B65 /* AppDelegate.m */,
				940A693418AC21B600472B65 /* Images.xcassets */,
				940A692918AC21B600472B65 /* Supporting Files */,
				9476177718E9A8C3000FEA58 /* BOClient.h */,
				9476177818E9A8C3000FEA58 /* BOClient.m */,
				E7C3E7A9192716C30019CC20 /* BSBAppearance.h */,
				E7C3E7AA192716C30019CC20 /* BSBAppearance.m */,
			);
			path = BusBus;
			sourceTree = "<group>";
		};
		940A692918AC21B600472B65 /* Supporting Files */ = {
			isa = PBXGroup;
			children = (
				940A692A18AC21B600472B65 /* BusBus-Info.plist */,
				940A692B18AC21B600472B65 /* InfoPlist.strings */,
				940A692E18AC21B600472B65 /* main.m */,
				940A693018AC21B600472B65 /* BusBus-Prefix.pch */,
			);
			name = "Supporting Files";
			sourceTree = "<group>";
		};
		940A694118AC21B600472B65 /* BusBusTests */ = {
			isa = PBXGroup;
			children = (
				940A694718AC21B600472B65 /* BusBusTests.m */,
				940A694218AC21B600472B65 /* Supporting Files */,
			);
			path = BusBusTests;
			sourceTree = "<group>";
		};
		940A694218AC21B600472B65 /* Supporting Files */ = {
			isa = PBXGroup;
			children = (
				940A694318AC21B600472B65 /* BusBusTests-Info.plist */,
				940A694418AC21B600472B65 /* InfoPlist.strings */,
			);
			name = "Supporting Files";
			sourceTree = "<group>";
		};
		940A695918AC22D000472B65 /* Models */ = {
			isa = PBXGroup;
			children = (
				940A695618AC22CD00472B65 /* BSBBus.h */,
				940A695718AC22CD00472B65 /* BSBBus.m */,
				E7A839A91926E68900EE7048 /* BSBVehicle.h */,
				E7A839AA1926E68900EE7048 /* BSBVehicle.m */,
				E7E2CD491929A23900020920 /* BSBPassage.h */,
				E7E2CD4A1929A23900020920 /* BSBPassage.m */,
				E7E2CD4C1929A79200020920 /* BSBBusStop.h */,
				E7E2CD4D1929A79200020920 /* BSBBusStop.m */,
				E7E2CD4F1929AC3400020920 /* BSBRoute.h */,
				E7E2CD501929AC3400020920 /* BSBRoute.m */,
			);
			name = Models;
			sourceTree = "<group>";
		};
		E7A839A31926C56000EE7048 /* Views */ = {
			isa = PBXGroup;
			children = (
				E7A839A61926C5BB00EE7048 /* BSBBusDetailCell.h */,
				E7A839A71926C5BB00EE7048 /* BSBBusDetailCell.m */,
				E7C3E7A6192712F90019CC20 /* BSBBusPin.h */,
				E7C3E7A7192712F90019CC20 /* BSBBusPin.m */,
				E7C3E7B0192725260019CC20 /* BSBBusDetailCell.xib */,
			);
			path = Views;
			sourceTree = "<group>";
		};
		E7C3E7AC1927236D0019CC20 /* ViewControllers */ = {
			isa = PBXGroup;
			children = (
				E7C3E7AD1927237E0019CC20 /* BSBBusCollectionViewController.h */,
				E7C3E7AE1927237E0019CC20 /* BSBBusCollectionViewController.m */,
			);
			path = ViewControllers;
			sourceTree = "<group>";
		};
/* End PBXGroup section */

/* Begin PBXNativeTarget section */
		940A691E18AC21B600472B65 /* BusBus */ = {
			isa = PBXNativeTarget;
			buildConfigurationList = 940A694B18AC21B600472B65 /* Build configuration list for PBXNativeTarget "BusBus" */;
			buildPhases = (
				AA5D4C6CED804AC6A4F26139 /* Check Pods Manifest.lock */,
				940A691B18AC21B600472B65 /* Sources */,
				940A691C18AC21B600472B65 /* Frameworks */,
				940A691D18AC21B600472B65 /* Resources */,
				D5BD80A5A6FD4E4E8A28739D /* Copy Pods Resources */,
			);
			buildRules = (
			);
			dependencies = (
			);
			name = BusBus;
			productName = BusBus;
			productReference = 940A691F18AC21B600472B65 /* BusBus.app */;
			productType = "com.apple.product-type.application";
		};
		940A693918AC21B600472B65 /* BusBusTests */ = {
			isa = PBXNativeTarget;
			buildConfigurationList = 940A694E18AC21B600472B65 /* Build configuration list for PBXNativeTarget "BusBusTests" */;
			buildPhases = (
				940A693618AC21B600472B65 /* Sources */,
				940A693718AC21B600472B65 /* Frameworks */,
				940A693818AC21B600472B65 /* Resources */,
			);
			buildRules = (
			);
			dependencies = (
				940A694018AC21B600472B65 /* PBXTargetDependency */,
			);
			name = BusBusTests;
			productName = BusBusTests;
			productReference = 940A693A18AC21B600472B65 /* BusBusTests.xctest */;
			productType = "com.apple.product-type.bundle.unit-test";
		};
/* End PBXNativeTarget section */

/* Begin PBXProject section */
		940A691718AC21B600472B65 /* Project object */ = {
			isa = PBXProject;
			attributes = {
				CLASSPREFIX = BSB;
				LastUpgradeCheck = 0510;
				TargetAttributes = {
					940A691E18AC21B600472B65 = {
						DevelopmentTeam = EW56673BU3;
					};
					940A693918AC21B600472B65 = {
						TestTargetID = 940A691E18AC21B600472B65;
					};
				};
			};
			buildConfigurationList = 940A691A18AC21B600472B65 /* Build configuration list for PBXProject "BusBus" */;
			compatibilityVersion = "Xcode 3.2";
			developmentRegion = English;
			hasScannedForEncodings = 0;
			knownRegions = (
				en,
			);
			mainGroup = 940A691618AC21B600472B65;
			productRefGroup = 940A692018AC21B600472B65 /* Products */;
			projectDirPath = "";
			projectRoot = "";
			targets = (
				940A691E18AC21B600472B65 /* BusBus */,
				940A693918AC21B600472B65 /* BusBusTests */,
			);
		};
/* End PBXProject section */

/* Begin PBXResourcesBuildPhase section */
		940A691D18AC21B600472B65 /* Resources */ = {
			isa = PBXResourcesBuildPhase;
			buildActionMask = 2147483647;
			files = (
				94F606F018ECB0A800782D1B /* Boston.gpx in Resources */,
				E7C3E7B1192725260019CC20 /* BSBBusDetailCell.xib in Resources */,
				940A695218AC21F900472B65 /* MainStoryboard.storyboard in Resources */,
				940A692D18AC21B600472B65 /* InfoPlist.strings in Resources */,
				940A693518AC21B600472B65 /* Images.xcassets in Resources */,
			);
			runOnlyForDeploymentPostprocessing = 0;
		};
		940A693818AC21B600472B65 /* Resources */ = {
			isa = PBXResourcesBuildPhase;
			buildActionMask = 2147483647;
			files = (
				940A694618AC21B600472B65 /* InfoPlist.strings in Resources */,
			);
			runOnlyForDeploymentPostprocessing = 0;
		};
/* End PBXResourcesBuildPhase section */

/* Begin PBXShellScriptBuildPhase section */
		AA5D4C6CED804AC6A4F26139 /* Check Pods Manifest.lock */ = {
			isa = PBXShellScriptBuildPhase;
			buildActionMask = 2147483647;
			files = (
			);
			inputPaths = (
			);
			name = "Check Pods Manifest.lock";
			outputPaths = (
			);
			runOnlyForDeploymentPostprocessing = 0;
			shellPath = /bin/sh;
			shellScript = "diff \"${PODS_ROOT}/../Podfile.lock\" \"${PODS_ROOT}/Manifest.lock\" > /dev/null\nif [[ $? != 0 ]] ; then\n    cat << EOM\nerror: The sandbox is not in sync with the Podfile.lock. Run 'pod install' or update your CocoaPods installation.\nEOM\n    exit 1\nfi\n";
			showEnvVarsInLog = 0;
		};
		D5BD80A5A6FD4E4E8A28739D /* Copy Pods Resources */ = {
			isa = PBXShellScriptBuildPhase;
			buildActionMask = 2147483647;
			files = (
			);
			inputPaths = (
			);
			name = "Copy Pods Resources";
			outputPaths = (
			);
			runOnlyForDeploymentPostprocessing = 0;
			shellPath = /bin/sh;
			shellScript = "\"${SRCROOT}/Pods/Pods-resources.sh\"\n";
			showEnvVarsInLog = 0;
		};
/* End PBXShellScriptBuildPhase section */

/* Begin PBXSourcesBuildPhase section */
		940A691B18AC21B600472B65 /* Sources */ = {
			isa = PBXSourcesBuildPhase;
			buildActionMask = 2147483647;
			files = (
				94D8A8E418BBC212007DFA6F /* PageContentViewController.m in Sources */,
				E7E2CD4B1929A23900020920 /* BSBPassage.m in Sources */,
				940A693318AC21B600472B65 /* AppDelegate.m in Sources */,
				E7A839AB1926E68900EE7048 /* BSBVehicle.m in Sources */,
				E7E2CD511929AC3400020920 /* BSBRoute.m in Sources */,
				940A692F18AC21B600472B65 /* main.m in Sources */,
				940A695818AC22CD00472B65 /* BSBBus.m in Sources */,
				E7C3E7AB192716C30019CC20 /* BSBAppearance.m in Sources */,
				E7C3E7AF1927237E0019CC20 /* BSBBusCollectionViewController.m in Sources */,
				E7A839A81926C5BB00EE7048 /* BSBBusDetailCell.m in Sources */,
				E7C3E7A8192712F90019CC20 /* BSBBusPin.m in Sources */,
				E7E2CD4E1929A79200020920 /* BSBBusStop.m in Sources */,
				940A695518AC222800472B65 /* BusBusViewController.m in Sources */,
				9449A36918ECAC7E004E0A4E /* BSBBusService.m in Sources */,
				9476177918E9A8C3000FEA58 /* BOClient.m in Sources */,
			);
			runOnlyForDeploymentPostprocessing = 0;
		};
		940A693618AC21B600472B65 /* Sources */ = {
			isa = PBXSourcesBuildPhase;
			buildActionMask = 2147483647;
			files = (
				940A694818AC21B600472B65 /* BusBusTests.m in Sources */,
			);
			runOnlyForDeploymentPostprocessing = 0;
		};
/* End PBXSourcesBuildPhase section */

/* Begin PBXTargetDependency section */
		940A694018AC21B600472B65 /* PBXTargetDependency */ = {
			isa = PBXTargetDependency;
			target = 940A691E18AC21B600472B65 /* BusBus */;
			targetProxy = 940A693F18AC21B600472B65 /* PBXContainerItemProxy */;
		};
/* End PBXTargetDependency section */

/* Begin PBXVariantGroup section */
		940A692B18AC21B600472B65 /* InfoPlist.strings */ = {
			isa = PBXVariantGroup;
			children = (
				940A692C18AC21B600472B65 /* en */,
			);
			name = InfoPlist.strings;
			sourceTree = "<group>";
		};
		940A694418AC21B600472B65 /* InfoPlist.strings */ = {
			isa = PBXVariantGroup;
			children = (
				940A694518AC21B600472B65 /* en */,
			);
			name = InfoPlist.strings;
			sourceTree = "<group>";
		};
/* End PBXVariantGroup section */

/* Begin XCBuildConfiguration section */
		940A694918AC21B600472B65 /* Debug */ = {
			isa = XCBuildConfiguration;
			buildSettings = {
				ALWAYS_SEARCH_USER_PATHS = NO;
				CLANG_CXX_LANGUAGE_STANDARD = "gnu++0x";
				CLANG_CXX_LIBRARY = "libc++";
				CLANG_ENABLE_MODULES = YES;
				CLANG_ENABLE_OBJC_ARC = YES;
				CLANG_WARN_BOOL_CONVERSION = YES;
				CLANG_WARN_CONSTANT_CONVERSION = YES;
				CLANG_WARN_DIRECT_OBJC_ISA_USAGE = YES_ERROR;
				CLANG_WARN_EMPTY_BODY = YES;
				CLANG_WARN_ENUM_CONVERSION = YES;
				CLANG_WARN_INT_CONVERSION = YES;
				CLANG_WARN_OBJC_ROOT_CLASS = YES_ERROR;
				CLANG_WARN__DUPLICATE_METHOD_MATCH = YES;
				"CODE_SIGN_IDENTITY[sdk=iphoneos*]" = "iPhone Developer";
				COPY_PHASE_STRIP = NO;
				GCC_C_LANGUAGE_STANDARD = gnu99;
				GCC_DYNAMIC_NO_PIC = NO;
				GCC_OPTIMIZATION_LEVEL = 0;
				GCC_PREPROCESSOR_DEFINITIONS = (
					"DEBUG=1",
					"$(inherited)",
				);
				GCC_SYMBOLS_PRIVATE_EXTERN = NO;
				GCC_WARN_64_TO_32_BIT_CONVERSION = YES;
				GCC_WARN_ABOUT_RETURN_TYPE = YES_ERROR;
				GCC_WARN_UNDECLARED_SELECTOR = YES;
				GCC_WARN_UNINITIALIZED_AUTOS = YES;
				GCC_WARN_UNUSED_FUNCTION = YES;
				GCC_WARN_UNUSED_VARIABLE = YES;
				IPHONEOS_DEPLOYMENT_TARGET = 7.0;
				ONLY_ACTIVE_ARCH = YES;
				SDKROOT = iphoneos;
			};
			name = Debug;
		};
		940A694A18AC21B600472B65 /* Release */ = {
			isa = XCBuildConfiguration;
			buildSettings = {
				ALWAYS_SEARCH_USER_PATHS = NO;
				CLANG_CXX_LANGUAGE_STANDARD = "gnu++0x";
				CLANG_CXX_LIBRARY = "libc++";
				CLANG_ENABLE_MODULES = YES;
				CLANG_ENABLE_OBJC_ARC = YES;
				CLANG_WARN_BOOL_CONVERSION = YES;
				CLANG_WARN_CONSTANT_CONVERSION = YES;
				CLANG_WARN_DIRECT_OBJC_ISA_USAGE = YES_ERROR;
				CLANG_WARN_EMPTY_BODY = YES;
				CLANG_WARN_ENUM_CONVERSION = YES;
				CLANG_WARN_INT_CONVERSION = YES;
				CLANG_WARN_OBJC_ROOT_CLASS = YES_ERROR;
				CLANG_WARN__DUPLICATE_METHOD_MATCH = YES;
				"CODE_SIGN_IDENTITY[sdk=iphoneos*]" = "iPhone Developer";
				COPY_PHASE_STRIP = YES;
				ENABLE_NS_ASSERTIONS = NO;
				GCC_C_LANGUAGE_STANDARD = gnu99;
				GCC_WARN_64_TO_32_BIT_CONVERSION = YES;
				GCC_WARN_ABOUT_RETURN_TYPE = YES_ERROR;
				GCC_WARN_UNDECLARED_SELECTOR = YES;
				GCC_WARN_UNINITIALIZED_AUTOS = YES;
				GCC_WARN_UNUSED_FUNCTION = YES;
				GCC_WARN_UNUSED_VARIABLE = YES;
				IPHONEOS_DEPLOYMENT_TARGET = 7.0;
				SDKROOT = iphoneos;
				VALIDATE_PRODUCT = YES;
			};
			name = Release;
		};
		940A694C18AC21B600472B65 /* Debug */ = {
			isa = XCBuildConfiguration;
			baseConfigurationReference = 4F8CCA67F5784397A7A145AD /* Pods.xcconfig */;
			buildSettings = {
				ASSETCATALOG_COMPILER_APPICON_NAME = AppIcon;
				ASSETCATALOG_COMPILER_LAUNCHIMAGE_NAME = LaunchImage;
				CODE_SIGN_IDENTITY = "iPhone Developer";
				"CODE_SIGN_IDENTITY[sdk=iphoneos*]" = "iPhone Developer";
				GCC_PRECOMPILE_PREFIX_HEADER = YES;
				GCC_PREFIX_HEADER = "BusBus/BusBus-Prefix.pch";
				INFOPLIST_FILE = "BusBus/BusBus-Info.plist";
				PRODUCT_NAME = "$(TARGET_NAME)";
				PROVISIONING_PROFILE = "4C9379AA-C35A-41BA-A077-1528DD5F5050";
				WRAPPER_EXTENSION = app;
			};
			name = Debug;
		};
		940A694D18AC21B600472B65 /* Release */ = {
			isa = XCBuildConfiguration;
			baseConfigurationReference = 4F8CCA67F5784397A7A145AD /* Pods.xcconfig */;
			buildSettings = {
				ASSETCATALOG_COMPILER_APPICON_NAME = AppIcon;
				ASSETCATALOG_COMPILER_LAUNCHIMAGE_NAME = LaunchImage;
				CODE_SIGN_IDENTITY = "iPhone Developer";
				"CODE_SIGN_IDENTITY[sdk=iphoneos*]" = "iPhone Developer";
				GCC_PRECOMPILE_PREFIX_HEADER = YES;
				GCC_PREFIX_HEADER = "BusBus/BusBus-Prefix.pch";
				INFOPLIST_FILE = "BusBus/BusBus-Info.plist";
				PRODUCT_NAME = "$(TARGET_NAME)";
				PROVISIONING_PROFILE = "4C9379AA-C35A-41BA-A077-1528DD5F5050";
				WRAPPER_EXTENSION = app;
			};
			name = Release;
		};
		940A694F18AC21B600472B65 /* Debug */ = {
			isa = XCBuildConfiguration;
			buildSettings = {
				BUNDLE_LOADER = "$(BUILT_PRODUCTS_DIR)/BusBus.app/BusBus";
				FRAMEWORK_SEARCH_PATHS = (
					"$(SDKROOT)/Developer/Library/Frameworks",
					"$(inherited)",
					"$(DEVELOPER_FRAMEWORKS_DIR)",
				);
				GCC_PRECOMPILE_PREFIX_HEADER = YES;
				GCC_PREFIX_HEADER = "BusBus/BusBus-Prefix.pch";
				GCC_PREPROCESSOR_DEFINITIONS = (
					"DEBUG=1",
					"$(inherited)",
				);
				INFOPLIST_FILE = "BusBusTests/BusBusTests-Info.plist";
				PRODUCT_NAME = "$(TARGET_NAME)";
				TEST_HOST = "$(BUNDLE_LOADER)";
				WRAPPER_EXTENSION = xctest;
			};
			name = Debug;
		};
		940A695018AC21B600472B65 /* Release */ = {
			isa = XCBuildConfiguration;
			buildSettings = {
				BUNDLE_LOADER = "$(BUILT_PRODUCTS_DIR)/BusBus.app/BusBus";
				FRAMEWORK_SEARCH_PATHS = (
					"$(SDKROOT)/Developer/Library/Frameworks",
					"$(inherited)",
					"$(DEVELOPER_FRAMEWORKS_DIR)",
				);
				GCC_PRECOMPILE_PREFIX_HEADER = YES;
				GCC_PREFIX_HEADER = "BusBus/BusBus-Prefix.pch";
				INFOPLIST_FILE = "BusBusTests/BusBusTests-Info.plist";
				PRODUCT_NAME = "$(TARGET_NAME)";
				TEST_HOST = "$(BUNDLE_LOADER)";
				WRAPPER_EXTENSION = xctest;
			};
			name = Release;
		};
/* End XCBuildConfiguration section */

/* Begin XCConfigurationList section */
		940A691A18AC21B600472B65 /* Build configuration list for PBXProject "BusBus" */ = {
			isa = XCConfigurationList;
			buildConfigurations = (
				940A694918AC21B600472B65 /* Debug */,
				940A694A18AC21B600472B65 /* Release */,
			);
			defaultConfigurationIsVisible = 0;
			defaultConfigurationName = Release;
		};
		940A694B18AC21B600472B65 /* Build configuration list for PBXNativeTarget "BusBus" */ = {
			isa = XCConfigurationList;
			buildConfigurations = (
				940A694C18AC21B600472B65 /* Debug */,
				940A694D18AC21B600472B65 /* Release */,
			);
			defaultConfigurationIsVisible = 0;
			defaultConfigurationName = Release;
		};
		940A694E18AC21B600472B65 /* Build configuration list for PBXNativeTarget "BusBusTests" */ = {
			isa = XCConfigurationList;
			buildConfigurations = (
				940A694F18AC21B600472B65 /* Debug */,
				940A695018AC21B600472B65 /* Release */,
			);
			defaultConfigurationIsVisible = 0;
			defaultConfigurationName = Release;
		};
/* End XCConfigurationList section */
	};
	rootObject = 940A691718AC21B600472B65 /* Project object */;
}
